
Microsoft Visual Studio Solution File, Format Version 12.00
# Visual Studio Version 16
VisualStudioVersion = 16.0.32510.428
MinimumVisualStudioVersion = 10.0.40219.1
Project("{FAE04EC0-301F-11D3-BF4B-00C04F79EFBC}") = "Ejercicio1_4.Android", "Ejercicio1_4.Android\Ejercicio1_4.Android.csproj", "{34B3E2BF-D50A-41B6-95E4-035A5158B3E7}"
EndProject
Project("{FAE04EC0-301F-11D3-BF4B-00C04F79EFBC}") = "Ejercicio1_4", "Ejercicio1_4\Ejercicio1_4.csproj", "{7BBD398C-0533-41DA-9793-E1FEBDE15F4F}"
EndProject
Global
	GlobalSection(SolutionConfigurationPlatforms) = preSolution
		Debug|Any CPU = Debug|Any CPU
		Release|Any CPU = Release|Any CPU
	EndGlobalSection
	GlobalSection(ProjectConfigurationPlatforms) = postSolution
		{34B3E2BF-D50A-41B6-95E4-035A5158B3E7}.Debug|Any CPU.ActiveCfg = Debug|Any CPU
		{34B3E2BF-D50A-41B6-95E4-035A5158B3E7}.Debug|Any CPU.Build.0 = Debug|Any CPU
		{34B3E2BF-D50A-41B6-95E4-035A5158B3E7}.Debug|Any CPU.Deploy.0 = Debug|Any CPU
		{34B3E2BF-D50A-41B6-95E4-035A5158B3E7}.Release|Any CPU.ActiveCfg = Release|Any CPU
		{34B3E2BF-D50A-41B6-95E4-035A5158B3E7}.Release|Any CPU.Build.0 = Release|Any CPU
		{34B3E2BF-D50A-41B6-95E4-035A5158B3E7}.Release|Any CPU.Deploy.0 = Release|Any CPU
		{7BBD398C-0533-41DA-9793-E1FEBDE15F4F}.Debug|Any CPU.ActiveCfg = Debug|Any CPU
		{7BBD398C-0533-41DA-9793-E1FEBDE15F4F}.Debug|Any CPU.Build.0 = Debug|Any CPU
		{7BBD398C-0533-41DA-9793-E1FEBDE15F4F}.Debug|Any CPU.Deploy.0 = Debug|Any CPU
		{7BBD398C-0533-41DA-9793-E1FEBDE15F4F}.Release|Any CPU.ActiveCfg = Release|Any CPU
		{7BBD398C-0533-41DA-9793-E1FEBDE15F4F}.Release|Any CPU.Build.0 = Release|Any CPU
		{7BBD398C-0533-41DA-9793-E1FEBDE15F4F}.Release|Any CPU.Deploy.0 = Release|Any CPU
	EndGlobalSection
	GlobalSection(SolutionProperties) = preSolution
		HideSolutionNode = FALSE
	EndGlobalSection
	GlobalSection(ExtensibilityGlobals) = postSolution
		SolutionGuid = {2009E453-91EE-4CC1-9167-9DC23A325EAF}
	EndGlobalSection
EndGlobal
